{
  "name": "version-extractor",
  "version": "0.1.0",
  "lockfileVersion": 3,
  "requires": true,
  "packages": {
    "": {
      "name": "version-extractor",
      "version": "0.1.0",
      "dependencies": {
        "got-scraping": "^4.2.1",
        "header-generator": "^2.1.87",
        "playwright": "^1.62.1",
        "rss-parser": "^3.13.0",
        "turndown": "^7.2.4"
      },
      "devDependencies": {
        "tsx": "^4.19.0",
        "typescript": "^5"
      }
    },
    "node_modules/@esbuild/aix-ppc64": {
      "version": "0.28.1",
      "resolved": "https://registry.npmmirror.com/@esbuild/aix-ppc64/-/aix-ppc64-0.28.1.tgz",
      "integrity": "sha512-Svl7tq8k/08+p6CXPpRjQ1fKX+1odH/BQbb48fV6fj3CWHhsoIOoY87w1oHXm0qEpkIK3ZfVgp0hed3XBXzXMQ==",
      "cpu": [
        "ppc64"
      ],
      "dev": true,
      "license": "MIT",
      "optional": true,
      "os": [
        "aix"
      ],
      "engines": {
        "node": ">=18"
      }
    },
    "node_modules/@esbuild/android-arm": {
      "version": "0.28.1",
      "resolved": "https://registry.npmmirror.com/@esbuild/android-arm/-/android-arm-0.28.1.tgz",
      "integrity": "sha512-0k2F129Xdio1TdJfzJ8sy1Q47vUD2NnwdhiAf7drUN1EBTfPf4hsFCtmMgu/6m8JSzsBrlmVjudMBQqOfG8usQ==",
      "cpu": [
        "arm"
      ],
      "dev": true,
      "license": "MIT",
      "optional": true,
      "os": [
        "android"
      ],
      "engines": {
        "node": ">=18"
      }
    },
    "node_modules/@esbuild/android-arm64": {
      "version": "0.28.1",
      "resolved": "https://registry.npmmirror.com/@esbuild/android-arm64/-/android-arm64-0.28.1.tgz",
      "integrity": "sha512-34EGEbCIAgosYz6goLcopX6Mo7NyGv9tfwEM2/7Ce2VcVRk568iSvniGWcUXIy7wEDR1wzolcxcriFVrWYcwBg==",
      "cpu": [
        "arm64"
      ],
      "dev": true,
      "license": "MIT",
      "optional": true,
      "os": [
        "android"
      ],
      "engines": {
        "node": ">=18"
      }
    },
    "node_modules/@esbuild/android-x64": {
      "version": "0.28.1",
      "resolved": "https://registry.npmmirror.com/@esbuild/android-x64/-/android-x64-0.28.1.tgz",
      "integrity": "sha512-dbwY7ltSMDWsRatcRpCnES4F+im88OCUgGZjy52shC7GqHRE/cYlxNbB4Z4UpJswpcc4Qxd2oE/ufM0p61IKng==",
      "cpu": [
        "x64"
      ],
      "dev": true,
      "license": "MIT",
      "optional": true,
      "os": [
        "android"
      ],
      "engines": {
        "node": ">=18"
      }
    },
    "node_modules/@esbuild/darwin-arm64": {
      "version": "0.28.1",
      "resolved": "https://registry.npmmirror.com/@esbuild/darwin-arm64/-/darwin-arm64-0.28.1.tgz",
      "integrity": "sha512-TZbWkQY7kvTAXbXUT7uVACR5cMHsDiSz9z7ZKAX/RTq/WJEk3QyRr0wZpNhBDX+/0CtdqUIJlOiodQcta6tY3Q==",
      "cpu": [
        "arm64"
      ],
      "dev": true,
      "license": "MIT",
      "optional": true,
      "os": [
        "darwin"
      ],
      "engines": {
        "node": ">=18"
      }
    },
    "node_modules/@esbuild/darwin-x64": {
      "version": "0.28.1",
      "resolved": "https://registry.npmmirror.com/@esbuild/darwin-x64/-/darwin-x64-0.28.1.tgz",
      "integrity": "sha512-zfdzgK9ACBNZLI/CyHTOx81SyNbM6YXn7rxSgX97VjyiPl9W1i4Ka4fgKECEoFCKGpvBj5qArWIGgQjOwkgskQ==",
      "cpu": [
        "x64"
      ],
      "dev": true,
      "license": "MIT",
      "optional": true,
      "os": [
        "darwin"
      ],
      "engines": {
        "node": ">=18"
      }
    },
    "node_modules/@esbuild/freebsd-arm64": {
      "version": "0.28.1",
      "resolved": "https://registry.npmmirror.com/@esbuild/freebsd-arm64/-/freebsd-arm64-0.28.1.tgz",
      "integrity": "sha512-wG2EA8ENdEI0qhkSZMjfqrdY+ziCYCPMmtZjjIwOmXFjmyzEHn+UUxk5of+SYsjtfs3VpnlC7QLzSI5hY/rOAw==",
      "cpu": [
        "arm64"
      ],
      "dev": true,
      "license": "MIT",
      "optional": true,
      "os": [
        "freebsd"
      ],
      "engines": {
        "node": ">=18"
      }
    },
    "node_modules/@esbuild/freebsd-x64": {
      "version": "0.28.1",
      "resolved": "https://registry.npmmirror.com/@esbuild/freebsd-x64/-/freebsd-x64-0.28.1.tgz",
      "integrity": "sha512-i7dZ9vQgnvSCzi/rYCXNgtF/U+eKZNJBzu3eTQbRgHnM7tNSizLOkRFAl3qzVc/Op/u5YkHHa4pf/3DOYHthLQ==",
      "cpu": [
        "x64"
      ],
      "dev": true,
      "license": "MIT",
      "optional": true,
      "os": [
        "freebsd"
      ],
      "engines": {
        "node": ">=18"
      }
    },
    "node_modules/@esbuild/linux-arm": {
      "version": "0.28.1",
      "resolved": "https://registry.npmmirror.com/@esbuild/linux-arm/-/linux-arm-0.28.1.tgz",
      "integrity": "sha512-qVXBOHQS+d5Y722GwJzJUtOLlX7km3CraOaGormF1pDtPd2C/l1SHRPgjLunLGe51Sh5YYWKMFDyV4SxgMQYTQ==",
      "cpu": [
        "arm"
      ],
      "dev": true,
      "license": "MIT",
      "optional": true,
      "os": [
        "linux"
      ],
      "engines": {
        "node": ">=18"
      }
    },
    "node_modules/@esbuild/linux-arm64": {
      "version": "0.28.1",
      "resolved": "https://registry.npmmirror.com/@esbuild/linux-arm64/-/linux-arm64-0.28.1.tgz",
      "integrity": "sha512-yHs+0uc8+nvEAfAfxrWQKK5peSNzBc4PegcMO0EJ2hT71uA7vB8Ihg2e77R2P7SG5uYjPbHlLLmve4LLLRCf0g==",
      "cpu": [
        "arm64"
      ],
      "dev": true,
      "license": "MIT",
      "optional": true,
      "os": [
        "linux"
      ],
      "engines": {
        "node": ">=18"
      }
    },
    "node_modules/@esbuild/linux-ia32": {
      "version": "0.28.1",
      "resolved": "https://registry.npmmirror.com/@esbuild/linux-ia32/-/linux-ia32-0.28.1.tgz",
      "integrity": "sha512-d1z4ZuP0ajrfz/FhGT4vv278rX8KnPPJx8i5+AtK7TYbx9Le9F1hyzurZpkEyjkGa9dUGhQow4C1NmeGvqxN2w==",
      "cpu": [
        "ia32"
      ],
      "dev": true,
      "license": "MIT",
      "optional": true,
      "os": [
        "linux"
      ],
      "engines": {
        "node": ">=18"
      }
    },
    "node_modules/@esbuild/linux-loong64": {
      "version": "0.28.1",
      "resolved": "https://registry.npmmirror.com/@esbuild/linux-loong64/-/linux-loong64-0.28.1.tgz",
      "integrity": "sha512-M5sRjUVZrkm1OAPR3dlOYzNmN+loZKGVi1VUQGrwuqLcbR6qeAz+famMhjASeH3YVKvZz+zT1jlh/keC3Rj/lg==",
      "cpu": [
        "loong64"
      ],
      "dev": true,
      "license": "MIT",
      "optional": true,
      "os": [
        "linux"
      ],
      "engines": {
        "node": ">=18"
      }
    },
    "node_modules/@esbuild/linux-mips64el": {
      "version": "0.28.1",
      "resolved": "https://registry.npmmirror.com/@esbuild/linux-mips64el/-/linux-mips64el-0.28.1.tgz",
      "integrity": "sha512-mRObBZeHh2OxcBFPWE/FjylkRgZdYuiTR3vaTozquCGOH14iP9oN4x4Ge81CoIDYQrXmIxpFumJBu5MtZpnQJQ==",
      "cpu": [
        "mips64el"
      ],
      "dev": true,
      "license": "MIT",
      "optional": true,
      "os": [
        "linux"
      ],
      "engines": {
        "node": ">=18"
      }
    },
    "node_modules/@esbuild/linux-ppc64": {
      "version": "0.28.1",
      "resolved": "https://registry.npmmirror.com/@esbuild/linux-ppc64/-/linux-ppc64-0.28.1.tgz",
      "integrity": "sha512-slScBsMAb3GFDcdrCgLwZtPYRoH2H/youv10QiZyRjmsP48fznoveWytSgCI/R0ZcUgpc0ZhIUEx6LHts8yrfQ==",
      "cpu": [
        "ppc64"
      ],
      "dev": true,
      "license": "MIT",
      "optional": true,
      "os": [
        "linux"
      ],
      "engines": {
        "node": ">=18"
      }
    },
    "node_modules/@esbuild/linux-riscv64": {
      "version": "0.28.1",
      "resolved": "https://registry.npmmirror.com/@esbuild/linux-riscv64/-/linux-riscv64-0.28.1.tgz",
      "integrity": "sha512-kw0owk1o0GFETUJyW0jc0G4Yzs0BHZn0JDZ8JRT088vjJYX777BAs1fDGxAC+q831qOs2DTC96mNsG2opdfyyQ==",
      "cpu": [
        "riscv64"
      ],
      "dev": true,
      "license": "MIT",
      "optional": true,
      "os": [
        "linux"
      ],
      "engines": {
        "node": ">=18"
      }
    },
    "node_modules/@esbuild/linux-s390x": {
      "version": "0.28.1",
      "resolved": "https://registry.npmmirror.com/@esbuild/linux-s390x/-/linux-s390x-0.28.1.tgz",
      "integrity": "sha512-/lAIjX8aYFRByhh6L5rYtPEDRqa9de/4V/juOXcta5frjvzXO4/sqEtyytse0g3zZFuWu5cDN0MkLz2qRDD2Ag==",
      "cpu": [
        "s390x"
      ],
      "dev": true,
      "license": "MIT",
      "optional": true,
      "os": [
        "linux"
      ],
      "engines": {
        "node": ">=18"
      }
    },
    "node_modules/@esbuild/linux-x64": {
      "version": "0.28.1",
      "resolved": "https://registry.npmmirror.com/@esbuild/linux-x64/-/linux-x64-0.28.1.tgz",
      "integrity": "sha512-u/anNYF2mmVOEDwLtnQ1wOr3EZ9sTNGLWrsYGYwHWzGA3Si84IOkHXlbWTD1NB+9/1lcnweYKO54uhxZydNzfA==",
      "cpu": [
        "x64"
      ],
      "dev": true,
      "license": "MIT",
      "optional": true,
      "os": [
        "linux"
      ],
      "engines": {
        "node": ">=18"
      }
    },
    "node_modules/@esbuild/netbsd-arm64": {
      "version": "0.28.1",
      "resolved": "https://registry.npmmirror.com/@esbuild/netbsd-arm64/-/netbsd-arm64-0.28.1.tgz",
      "integrity": "sha512-oks0DYbLwWMmaakTsCb+zL4E+aHRVLom9IJZOAthMQEPiQmydXHkziYEsGYRx0uNV/IjEKGAV941JzH02pflqw==",
      "cpu": [
        "arm64"
      ],
      "dev": true,
      "license": "MIT",
      "optional": true,
      "os": [
        "netbsd"
      ],
      "engines": {
        "node": ">=18"
      }
    },
    "node_modules/@esbuild/netbsd-x64": {
      "version": "0.28.1",
      "resolved": "https://registry.npmmirror.com/@esbuild/netbsd-x64/-/netbsd-x64-0.28.1.tgz",
      "integrity": "sha512-aeL6lAnN89Hz43Mlh1G8ARasbuoYvSITDEx0tHh5b7jJnHcssqgjy9Yx430GDpmCa6OyrKoS0aNRjKundRizGg==",
      "cpu": [
        "x64"
      ],
      "dev": true,
      "license": "MIT",
      "optional": true,
      "os": [
        "netbsd"
      ],
      "engines": {
        "node": ">=18"
      }
    },
    "node_modules/@esbuild/openbsd-arm64": {
      "version": "0.28.1",
      "resolved": "https://registry.npmmirror.com/@esbuild/openbsd-arm64/-/openbsd-arm64-0.28.1.tgz",
      "integrity": "sha512-MEFJe5C3R8pwXdZ5Y21oo6m7ePiS0d9pWucn99O/wvyJZChoIQKrQDxKrGeW8F5+T0okTHesAmDeiHDTIq0V/Q==",
      "cpu": [
        "arm64"
      ],
      "dev": true,
      "license": "MIT",
      "optional": true,
      "os": [
        "openbsd"
      ],
      "engines": {
        "node": ">=18"
      }
    },
    "node_modules/@esbuild/openbsd-x64": {
      "version": "0.28.1",
      "resolved": "https://registry.npmmirror.com/@esbuild/openbsd-x64/-/openbsd-x64-0.28.1.tgz",
      "integrity": "sha512-i/ZLIOafE0Z8cI/XANJAixoJL/uRAoS2xOA3rb0xN+KK0K177cMAsQYkzHtBrtMXAKuAc7HGgcWiZ/sRC1Nxgw==",
      "cpu": [
        "x64"
      ],
      "dev": true,
      "license": "MIT",
      "optional": true,
      "os": [
        "openbsd"
      ],
      "engines": {
        "node": ">=18"
      }
    },
    "node_modules/@esbuild/openharmony-arm64": {
      "version": "0.28.1",
      "resolved": "https://registry.npmmirror.com/@esbuild/openharmony-arm64/-/openharmony-arm64-0.28.1.tgz",
      "integrity": "sha512-ge+Z7EXFNt2BO1oAMsVpiQ8EwndV9i1xXerAeTIK7AtPs3bKFXQM7nlRxDSIUIMeueR1CNXxqztLzdNeReKBJg==",
      "cpu": [
        "arm64"
      ],
      "dev": true,
      "license": "MIT",
      "optional": true,
      "os": [
        "openharmony"
      ],
      "engines": {
        "node": ">=18"
      }
    },
    "node_modules/@esbuild/sunos-x64": {
      "version": "0.28.1",
      "resolved": "https://registry.npmmirror.com/@esbuild/sunos-x64/-/sunos-x64-0.28.1.tgz",
      "integrity": "sha512-BEjgtECkL3vY+SaSQ6nzVfiALUeFxpawyp8Jmf5PtYhf1Ug40N1h/hxlhts+f1FvSvarEigdxS3BlSMI2PJLcQ==",
      "cpu": [
        "x64"
      ],
      "dev": true,
      "license": "MIT",
      "optional": true,
      "os": [
        "sunos"
      ],
      "engines": {
        "node": ">=18"
      }
    },
    "node_modules/@esbuild/win32-arm64": {
      "version": "0.28.1",
      "resolved": "https://registry.npmmirror.com/@esbuild/win32-arm64/-/win32-arm64-0.28.1.tgz",
      "integrity": "sha512-lCv9eK/H6ZJWbE7bh2nw54CZ9M2nupBxJcTsdk/QQnWkdSjKGuxmmH8/GWrlT1eMmZfn4dGcCjRte397WqfQXA==",
      "cpu": [
        "arm64"
      ],
      "dev": true,
      "license": "MIT",
      "optional": true,
      "os": [
        "win32"
      ],
      "engines": {
        "node": ">=18"
      }
    },
    "node_modules/@esbuild/win32-ia32": {
      "version": "0.28.1",
      "resolved": "https://registry.npmmirror.com/@esbuild/win32-ia32/-/win32-ia32-0.28.1.tgz",
      "integrity": "sha512-zvb/mB2bSCoJOpoCBgYKKpX6YM6mJBlBUVUtVj41DlZJVEB6/0CKlRYxP5wWl1C1ILiCoAU5wZZ4q1P3qeS6Eg==",
      "cpu": [
        "ia32"
      ],
      "dev": true,
      "license": "MIT",
      "optional": true,
      "os": [
        "win32"
      ],
      "engines": {
        "node": ">=18"
      }
    },
    "node_modules/@esbuild/win32-x64": {
      "version": "0.28.1",
      "resolved": "https://registry.npmmirror.com/@esbuild/win32-x64/-/win32-x64-0.28.1.tgz",
      "integrity": "sha512-bm4Mowrv+GXMlpWX++EcXw/iLyd1o3+bJkC2DkWXYVvgZCqD/bSj9ctZeAMC3cIxgjRVR2Dufaiu4YPxr5gW1A==",
      "cpu": [
        "x64"
      ],
      "dev": true,
      "license": "MIT",
      "optional": true,
      "os": [
        "win32"
      ],
      "engines": {
        "node": ">=18"
      }
    },
    "node_modules/@keyv/serialize": {
      "version": "1.1.1",
      "resolved": "https://registry.npmmirror.com/@keyv/serialize/-/serialize-1.1.1.tgz",
      "integrity": "sha512-dXn3FZhPv0US+7dtJsIi2R+c7qWYiReoEh5zUntWCf4oSpMNib8FDhSoed6m3QyZdx5hK7iLFkYk3rNxwt8vTA==",
      "license": "MIT"
    },
    "node_modules/@mixmark-io/domino": {
      "version": "2.2.0",
      "resolved": "https://registry.npmmirror.com/@mixmark-io/domino/-/domino-2.2.0.tgz",
      "integrity": "sha512-Y28PR25bHXUg88kCV7nivXrP2Nj2RueZ3/l/jdx6J9f8J4nsEGcgX0Qe6lt7Pa+J79+kPiJU3LguR6O/6zrLOw==",
      "license": "BSD-2-Clause"
    },
    "node_modules/@sec-ant/readable-stream": {
      "version": "0.4.1",
      "resolved": "https://registry.npmmirror.com/@sec-ant/readable-stream/-/readable-stream-0.4.1.tgz",
      "integrity": "sha512-831qok9r2t8AlxLko40y2ebgSDhenenCatLVeW/uBtnHPyhHOvG0C7TvfgecV+wHzIm5KUICgzmVpWS+IMEAeg==",
      "license": "MIT"
    },
    "node_modules/@sindresorhus/is": {
      "version": "7.2.0",
      "resolved": "https://registry.npmmirror.com/@sindresorhus/is/-/is-7.2.0.tgz",
      "integrity": "sha512-P1Cz1dWaFfR4IR+U13mqqiGsLFf1KbayybWwdd2vfctdV6hDpUkgCY0nKOLLTMSoRd/jJNjtbqzf13K8DCCXQw==",
      "license": "MIT",
      "engines": {
        "node": ">=18"
      },
      "funding": {
        "url": "https://github.com/sindresorhus/is?sponsor=1"
      }
    },
    "node_modules/@types/http-cache-semantics": {
      "version": "4.2.0",
      "resolved": "https://registry.npmmirror.com/@types/http-cache-semantics/-/http-cache-semantics-4.2.0.tgz",
      "integrity": "sha512-L3LgimLHXtGkWikKnsPg0/VFx9OGZaC+eN1u4r+OB1XRqH3meBIAVC2zr1WdMH+RHmnRkqliQAOHNJ/E0j/e0Q==",
      "license": "MIT"
    },
    "node_modules/adm-zip": {
      "version": "0.6.0",
      "resolved": "https://registry.npmmirror.com/adm-zip/-/adm-zip-0.6.0.tgz",
      "integrity": "sha512-XleryMhbuksdKtofnWZ9Sk+4CUTbms4Mb/EU32SZwToAyZ5RgVos/ki8n+yr0LWHOGKuakbXTuuYNHLQjhddgg==",
      "license": "MIT",
      "engines": {
        "node": ">=14.0"
      }
    },
    "node_modules/baseline-browser-mapping": {
      "version": "2.11.10",
      "resolved": "https://registry.npmmirror.com/baseline-browser-mapping/-/baseline-browser-mapping-2.11.10.tgz",
      "integrity": "sha512-35JEvJ5/KKlbCHjMCsONI2w6HE88STjVdHk+C7d8LtcFxUjZR1KeLP9izofn2qs0KUxX5r4z73bwH/rd+JHacw==",
      "license": "Apache-2.0",
      "bin": {
        "baseline-browser-mapping": "dist/cli.cjs"
      },
      "engines": {
        "node": ">=6.0.0"
      }
    },
    "node_modules/browserslist": {
      "version": "4.28.7",
      "resolved": "https://registry.npmmirror.com/browserslist/-/browserslist-4.28.7.tgz",
      "integrity": "sha512-JxV13hNrFxqjOc8alRbq9dK1MM79NEXYpma2B2J4wAtpWS5zIEIKqWPGCl7N4o7Uc7B7itylh7SuDujATRyyTw==",
      "funding": [
        {
          "type": "opencollective",
          "url": "https://opencollective.com/browserslist"
        },
        {
          "type": "tidelift",
          "url": "https://tidelift.com/funding/github/npm/browserslist"
        },
        {
          "type": "github",
          "url": "https://github.com/sponsors/ai"
        }
      ],
      "license": "MIT",
      "dependencies": {
        "baseline-browser-mapping": "^2.10.44",
        "caniuse-lite": "^1.0.30001806",
        "electron-to-chromium": "^1.5.393",
        "node-releases": "^2.0.51",
        "update-browserslist-db": "^1.2.3"
      },
      "bin": {
        "browserslist": "cli.js"
      },
      "engines": {
        "node": "^6 || ^7 || ^8 || ^9 || ^10 || ^11 || ^12 || >=13.7"
      }
    },
    "node_modules/byte-counter": {
      "version": "0.1.0",
      "resolved": "https://registry.npmmirror.com/byte-counter/-/byte-counter-0.1.0.tgz",
      "integrity": "sha512-jheRLVMeUKrDBjVw2O5+k4EvR4t9wtxHL+bo/LxfkxsVeuGMy3a5SEGgXdAFA4FSzTrU8rQXQIrsZ3oBq5a0pQ==",
      "license": "MIT",
      "engines": {
        "node": ">=20"
      },
      "funding": {
        "url": "https://github.com/sponsors/sindresorhus"
      }
    },
    "node_modules/cacheable-lookup": {
      "version": "7.0.0",
      "resolved": "https://registry.npmmirror.com/cacheable-lookup/-/cacheable-lookup-7.0.0.tgz",
      "integrity": "sha512-+qJyx4xiKra8mZrcwhjMRMUhD5NR1R8esPkzIYxX96JiecFoxAXFuz/GpR3+ev4PE1WamHip78wV0vcmPQtp8w==",
      "license": "MIT",
      "engines": {
        "node": ">=14.16"
      }
    },
    "node_modules/cacheable-request": {
      "version": "13.0.19",
      "resolved": "https://registry.npmmirror.com/cacheable-request/-/cacheable-request-13.0.19.tgz",
      "integrity": "sha512-SVXGH037+Mo1aIMO5B2UcleR43FGjFdN+M8JObSyEoQ2Mn4CODRWx28gN5jiTF0n5ItsgtIZfyargMNs8GX4kg==",
      "license": "MIT",
      "dependencies": {
        "@types/http-cache-semantics": "^4.2.0",
        "get-stream": "^9.0.1",
        "http-cache-semantics": "^4.2.0",
        "keyv": "^5.6.0",
        "mimic-response": "^4.0.0",
        "normalize-url": "^8.1.1",
        "responselike": "^4.0.2"
      },
      "engines": {
        "node": ">=18"
      }
    },
    "node_modules/callsites": {
      "version": "4.2.0",
      "resolved": "https://registry.npmmirror.com/callsites/-/callsites-4.2.0.tgz",
      "integrity": "sha512-kfzR4zzQtAE9PC7CzZsjl3aBNbXWuXiSeOCdLcPpBfGW8YuCqQHcRPFDbr/BPVmd3EEPVpuFzLyuT/cUhPr4OQ==",
      "license": "MIT",
      "engines": {
        "node": ">=12.20"
      },
      "funding": {
        "url": "https://github.com/sponsors/sindresorhus"
      }
    },
    "node_modules/caniuse-lite": {
      "version": "1.0.30001806",
      "resolved": "https://registry.npmmirror.com/caniuse-lite/-/caniuse-lite-1.0.30001806.tgz",
      "integrity": "sha512-72Cuvd95zbSYPKq6Fhg8eDJRlzgWDf7/mtoZv6Qe/DYNCEBdNxoA3+rZAU2ZhGCpZlns3EssFavaZomckT5Uuw==",
      "funding": [
        {
          "type": "opencollective",
          "url": "https://opencollective.com/browserslist"
        },
        {
          "type": "tidelift",
          "url": "https://tidelift.com/funding/github/npm/caniuse-lite"
        },
        {
          "type": "github",
          "url": "https://github.com/sponsors/ai"
        }
      ],
      "license": "CC-BY-4.0"
    },
    "node_modules/decompress-response": {
      "version": "10.0.0",
      "resolved": "https://registry.npmmirror.com/decompress-response/-/decompress-response-10.0.0.tgz",
      "integrity": "sha512-oj7KWToJuuxlPr7VV0vabvxEIiqNMo+q0NueIiL3XhtwC6FVOX7Hr1c0C4eD0bmf7Zr+S/dSf2xvkH3Ad6sU3Q==",
      "license": "MIT",
      "dependencies": {
        "mimic-response": "^4.0.0"
      },
      "engines": {
        "node": ">=20"
      },
      "funding": {
        "url": "https://github.com/sponsors/sindresorhus"
      }
    },
    "node_modules/dot-prop": {
      "version": "7.2.0",
      "resolved": "https://registry.npmmirror.com/dot-prop/-/dot-prop-7.2.0.tgz",
      "integrity": "sha512-Ol/IPXUARn9CSbkrdV4VJo7uCy1I3VuSiWCaFSg+8BdUOzF9n3jefIpcgAydvUZbTdEBZs2vEiTiS9m61ssiDA==",
      "license": "MIT",
      "dependencies": {
        "type-fest": "^2.11.2"
      },
      "engines": {
        "node": "^12.20.0 || ^14.13.1 || >=16.0.0"
      },
      "funding": {
        "url": "https://github.com/sponsors/sindresorhus"
      }
    },
    "node_modules/dot-prop/node_modules/type-fest": {
      "version": "2.19.0",
      "resolved": "https://registry.npmmirror.com/type-fest/-/type-fest-2.19.0.tgz",
      "integrity": "sha512-RAH822pAdBgcNMAfWnCBU3CFZcfZ/i1eZjwFU/dsLKumyuuP3niueg2UAukXYF0E2AAoc82ZSSf9J0WQBinzHA==",
      "license": "(MIT OR CC0-1.0)",
      "engines": {
        "node": ">=12.20"
      },
      "funding": {
        "url": "https://github.com/sponsors/sindresorhus"
      }
    },
    "node_modules/electron-to-chromium": {
      "version": "1.5.399",
      "resolved": "https://registry.npmmirror.com/electron-to-chromium/-/electron-to-chromium-1.5.399.tgz",
      "integrity": "sha512-lEcqhErbHjXRvd41rnWLpzbyU/IXfIYo7QwaFWmxGeLiLyY2TBCdHnWY88vB+p3ubnihRypDm66panXl7TylLA==",
      "license": "ISC"
    },
    "node_modules/entities": {
      "version": "2.2.0",
      "resolved": "https://registry.npmmirror.com/entities/-/entities-2.2.0.tgz",
      "integrity": "sha512-p92if5Nz619I0w+akJrLZH0MX0Pb5DX39XOwQTtXSdQQOaYH03S1uIQp4mhOZtAXrxq4ViO67YTiLBo2638o9A==",
      "license": "BSD-2-Clause",
      "funding": {
        "url": "https://github.com/fb55/entities?sponsor=1"
      }
    },
    "node_modules/esbuild": {
      "version": "0.28.1",
      "resolved": "https://registry.npmmirror.com/esbuild/-/esbuild-0.28.1.tgz",
      "integrity": "sha512-HrJrvZv5ayxBzPfwphOoNzkzOIIlifzk0KJrGK2c8R4+LKpMtpYLQeUdjnwjWv/LZlkH2laZk+4w78pi99D4Vw==",
      "dev": true,
      "hasInstallScript": true,
      "license": "MIT",
      "bin": {
        "esbuild": "bin/esbuild"
      },
      "engines": {
        "node": ">=18"
      },
      "optionalDependencies": {
        "@esbuild/aix-ppc64": "0.28.1",
        "@esbuild/android-arm": "0.28.1",
        "@esbuild/android-arm64": "0.28.1",
        "@esbuild/android-x64": "0.28.1",
        "@esbuild/darwin-arm64": "0.28.1",
        "@esbuild/darwin-x64": "0.28.1",
        "@esbuild/freebsd-arm64": "0.28.1",
        "@esbuild/freebsd-x64": "0.28.1",
        "@esbuild/linux-arm": "0.28.1",
        "@esbuild/linux-arm64": "0.28.1",
        "@esbuild/linux-ia32": "0.28.1",
        "@esbuild/linux-loong64": "0.28.1",
        "@esbuild/linux-mips64el": "0.28.1",
        "@esbuild/linux-ppc64": "0.28.1",
        "@esbuild/linux-riscv64": "0.28.1",
        "@esbuild/linux-s390x": "0.28.1",
        "@esbuild/linux-x64": "0.28.1",
        "@esbuild/netbsd-arm64": "0.28.1",
        "@esbuild/netbsd-x64": "0.28.1",
        "@esbuild/openbsd-arm64": "0.28.1",
        "@esbuild/openbsd-x64": "0.28.1",
        "@esbuild/openharmony-arm64": "0.28.1",
        "@esbuild/sunos-x64": "0.28.1",
        "@esbuild/win32-arm64": "0.28.1",
        "@esbuild/win32-ia32": "0.28.1",
        "@esbuild/win32-x64": "0.28.1"
      }
    },
    "node_modules/escalade": {
      "version": "3.2.0",
      "resolved": "https://registry.npmmirror.com/escalade/-/escalade-3.2.0.tgz",
      "integrity": "sha512-WUj2qlxaQtO4g6Pq5c29GTcWGDyd8itL8zTlipgECz3JesAiiOKotd8JU6otB3PACgG6xkJUyVhboMS+bje/jA==",
      "license": "MIT",
      "engines": {
        "node": ">=6"
      }
    },
    "node_modules/form-data-encoder": {
      "version": "4.1.0",
      "resolved": "https://registry.npmmirror.com/form-data-encoder/-/form-data-encoder-4.1.0.tgz",
      "integrity": "sha512-G6NsmEW15s0Uw9XnCg+33H3ViYRyiM0hMrMhhqQOR8NFc5GhYrI+6I3u7OTw7b91J2g8rtvMBZJDbcGb2YUniw==",
      "license": "MIT",
      "engines": {
        "node": ">= 18"
      }
    },
    "node_modules/fsevents": {
      "version": "2.3.3",
      "resolved": "https://registry.npmmirror.com/fsevents/-/fsevents-2.3.3.tgz",
      "integrity": "sha512-5xoDfX+fL7faATnagmWPpbFtwh/R77WmMMqqHGS65C3vvB0YHrgF+B1YmZ3441tMj5n63k0212XNoJwzlhffQw==",
      "dev": true,
      "hasInstallScript": true,
      "license": "MIT",
      "optional": true,
      "os": [
        "darwin"
      ],
      "engines": {
        "node": "^8.16.0 || ^10.6.0 || >=11.0.0"
      }
    },
    "node_modules/generative-bayesian-network": {
      "version": "2.1.87",
      "resolved": "https://registry.npmmirror.com/generative-bayesian-network/-/generative-bayesian-network-2.1.87.tgz",
      "integrity": "sha512-Bd14uZSkGGef6gWsJp170xnTMxeMENcnkJega4UjFrgF0KHSG8IOYA5hgFVOIgWlfyYUy9B2qiLGvXsKR/TlYA==",
      "license": "Apache-2.0",
      "dependencies": {
        "adm-zip": "^0.6.0",
        "tslib": "^2.4.0"
      }
    },
    "node_modules/get-stream": {
      "version": "9.0.1",
      "resolved": "https://registry.npmmirror.com/get-stream/-/get-stream-9.0.1.tgz",
      "integrity": "sha512-kVCxPF3vQM/N0B1PmoqVUqgHP+EeVjmZSQn+1oCRPxd2P21P2F19lIgbR3HBosbB1PUhOAoctJnfEn2GbN2eZA==",
      "license": "MIT",
      "dependencies": {
        "@sec-ant/readable-stream": "^0.4.1",
        "is-stream": "^4.0.1"
      },
      "engines": {
        "node": ">=18"
      },
      "funding": {
        "url": "https://github.com/sponsors/sindresorhus"
      }
    },
    "node_modules/got": {
      "version": "14.6.6",
      "resolved": "https://registry.npmmirror.com/got/-/got-14.6.6.tgz",
      "integrity": "sha512-QLV1qeYSo5l13mQzWgP/y0LbMr5Plr5fJilgAIwgnwseproEbtNym8xpLsDzeZ6MWXgNE6kdWGBjdh3zT/Qerg==",
      "license": "MIT",
      "dependencies": {
        "@sindresorhus/is": "^7.0.1",
        "byte-counter": "^0.1.0",
        "cacheable-lookup": "^7.0.0",
        "cacheable-request": "^13.0.12",
        "decompress-response": "^10.0.0",
        "form-data-encoder": "^4.0.2",
        "http2-wrapper": "^2.2.1",
        "keyv": "^5.5.3",
        "lowercase-keys": "^3.0.0",
        "p-cancelable": "^4.0.1",
        "responselike": "^4.0.2",
        "type-fest": "^4.26.1"
      },
      "engines": {
        "node": ">=20"
      },
      "funding": {
        "url": "https://github.com/sindresorhus/got?sponsor=1"
      }
    },
    "node_modules/got-scraping": {
      "version": "4.2.1",
      "resolved": "https://registry.npmmirror.com/got-scraping/-/got-scraping-4.2.1.tgz",
      "integrity": "sha512-rhOlO1L4H4Cm31smHJqPtAaXOUrhSKsiTrbZSHKFQW1E/mkTDopnHHpRnXJpqzE0faj+zPsVQnyifIqO+K+cLQ==",
      "license": "Apache-2.0",
      "dependencies": {
        "got": "^14.2.1",
        "header-generator": "^2.1.41",
        "http2-wrapper": "^2.2.0",
        "mimic-response": "^4.0.0",
        "ow": "^1.1.1",
        "quick-lru": "^7.0.0",
        "tslib": "^2.6.2"
      },
      "engines": {
        "node": ">=16"
      }
    },
    "node_modules/header-generator": {
      "version": "2.1.87",
      "resolved": "https://registry.npmmirror.com/header-generator/-/header-generator-2.1.87.tgz",
      "integrity": "sha512-J3MG508JWaH3UJtHlPM3xaOQ2Iqys8BiW07t6XehzP+HuvVX4MP4C2YztJKasDmB8R3yPwpBfyroOiEi4Ymn6Q==",
      "license": "Apache-2.0",
      "dependencies": {
        "browserslist": "^4.21.1",
        "generative-bayesian-network": "2.1.87",
        "ow": "^0.28.1",
        "tslib": "^2.4.0"
      },
      "engines": {
        "node": ">=16.0.0"
      }
    },
    "node_modules/header-generator/node_modules/@sindresorhus/is": {
      "version": "4.6.0",
      "resolved": "https://registry.npmmirror.com/@sindresorhus/is/-/is-4.6.0.tgz",
      "integrity": "sha512-t09vSN3MdfsyCHoFcTRCH/iUtG7OJ0CsjzB8cjAmKc/va/kIgeDI/TxsigdncE/4be734m0cvIYwNaV4i2XqAw==",
      "license": "MIT",
      "engines": {
        "node": ">=10"
      },
      "funding": {
        "url": "https://github.com/sindresorhus/is?sponsor=1"
      }
    },
    "node_modules/header-generator/node_modules/callsites": {
      "version": "3.1.0",
      "resolved": "https://registry.npmmirror.com/callsites/-/callsites-3.1.0.tgz",
      "integrity": "sha512-P8BjAsXvZS+VIDUI11hHCQEv74YT67YUi5JJFNWIqL235sBmjX4+qx9Muvls5ivyNENctx46xQLQ3aTuE7ssaQ==",
      "license": "MIT",
      "engines": {
        "node": ">=6"
      }
    },
    "node_modules/header-generator/node_modules/dot-prop": {
      "version": "6.0.1",
      "resolved": "https://registry.npmmirror.com/dot-prop/-/dot-prop-6.0.1.tgz",
      "integrity": "sha512-tE7ztYzXHIeyvc7N+hR3oi7FIbf/NIjVP9hmAt3yMXzrQ072/fpjGLx2GxNxGxUl5V73MEqYzioOMoVhGMJ5cA==",
      "license": "MIT",
      "dependencies": {
        "is-obj": "^2.0.0"
      },
      "engines": {
        "node": ">=10"
      },
      "funding": {
        "url": "https://github.com/sponsors/sindresorhus"
      }
    },
    "node_modules/header-generator/node_modules/ow": {
      "version": "0.28.2",
      "resolved": "https://registry.npmmirror.com/ow/-/ow-0.28.2.tgz",
      "integrity": "sha512-dD4UpyBh/9m4X2NVjA+73/ZPBRF+uF4zIMFvvQsabMiEK8x41L3rQ8EENOi35kyyoaJwNxEeJcP6Fj1H4U409Q==",
      "license": "MIT",
      "dependencies": {
        "@sindresorhus/is": "^4.2.0",
        "callsites": "^3.1.0",
        "dot-prop": "^6.0.1",
        "lodash.isequal": "^4.5.0",
        "vali-date": "^1.0.0"
      },
      "engines": {
        "node": ">=12"
      },
      "funding": {
        "url": "https://github.com/sponsors/sindresorhus"
      }
    },
    "node_modules/http-cache-semantics": {
      "version": "4.2.0",
      "resolved": "https://registry.npmmirror.com/http-cache-semantics/-/http-cache-semantics-4.2.0.tgz",
      "integrity": "sha512-dTxcvPXqPvXBQpq5dUr6mEMJX4oIEFv6bwom3FDwKRDsuIjjJGANqhBuoAn9c1RQJIdAKav33ED65E2ys+87QQ==",
      "license": "BSD-2-Clause"
    },
    "node_modules/http2-wrapper": {
      "version": "2.2.1",
      "resolved": "https://registry.npmmirror.com/http2-wrapper/-/http2-wrapper-2.2.1.tgz",
      "integrity": "sha512-V5nVw1PAOgfI3Lmeaj2Exmeg7fenjhRUgz1lPSezy1CuhPYbgQtbQj4jZfEAEMlaL+vupsvhjqCyjzob0yxsmQ==",
      "license": "MIT",
      "dependencies": {
        "quick-lru": "^5.1.1",
        "resolve-alpn": "^1.2.0"
      },
      "engines": {
        "node": ">=10.19.0"
      }
    },
    "node_modules/http2-wrapper/node_modules/quick-lru": {
      "version": "5.1.1",
      "resolved": "https://registry.npmmirror.com/quick-lru/-/quick-lru-5.1.1.tgz",
      "integrity": "sha512-WuyALRjWPDGtt/wzJiadO5AXY+8hZ80hVpe6MyivgraREW751X3SbhRvG3eLKOYN+8VEvqLcf3wdnt44Z4S4SA==",
      "license": "MIT",
      "engines": {
        "node": ">=10"
      },
      "funding": {
        "url": "https://github.com/sponsors/sindresorhus"
      }
    },
    "node_modules/is-obj": {
      "version": "2.0.0",
      "resolved": "https://registry.npmmirror.com/is-obj/-/is-obj-2.0.0.tgz",
      "integrity": "sha512-drqDG3cbczxxEJRoOXcOjtdp1J/lyp1mNn0xaznRs8+muBhgQcrnbspox5X5fOw0HnMnbfDzvnEMEtqDEJEo8w==",
      "license": "MIT",
      "engines": {
        "node": ">=8"
      }
    },
    "node_modules/is-stream": {
      "version": "4.0.1",
      "resolved": "https://registry.npmmirror.com/is-stream/-/is-stream-4.0.1.tgz",
      "integrity": "sha512-Dnz92NInDqYckGEUJv689RbRiTSEHCQ7wOVeALbkOz999YpqT46yMRIGtSNl2iCL1waAZSx40+h59NV/EwzV/A==",
      "license": "MIT",
      "engines": {
        "node": ">=18"
      },
      "funding": {
        "url": "https://github.com/sponsors/sindresorhus"
      }
    },
    "node_modules/keyv": {
      "version": "5.6.0",
      "resolved": "https://registry.npmmirror.com/keyv/-/keyv-5.6.0.tgz",
      "integrity": "sha512-CYDD3SOtsHtyXeEORYRx2qBtpDJFjRTGXUtmNEMGyzYOKj1TE3tycdlho7kA1Ufx9OYWZzg52QFBGALTirzDSw==",
      "license": "MIT",
      "dependencies": {
        "@keyv/serialize": "^1.1.1"
      }
    },
    "node_modules/lodash.isequal": {
      "version": "4.5.0",
      "resolved": "https://registry.npmmirror.com/lodash.isequal/-/lodash.isequal-4.5.0.tgz",
      "integrity": "sha512-pDo3lu8Jhfjqls6GkMgpahsF9kCyayhgykjyLMNFTKWrpVdAQtYyB4muAMWozBB4ig/dtWAmsMxLEI8wuz+DYQ==",
      "deprecated": "This package is deprecated. Use require('node:util').isDeepStrictEqual instead.",
      "license": "MIT"
    },
    "node_modules/lowercase-keys": {
      "version": "3.0.0",
      "resolved": "https://registry.npmmirror.com/lowercase-keys/-/lowercase-keys-3.0.0.tgz",
      "integrity": "sha512-ozCC6gdQ+glXOQsveKD0YsDy8DSQFjDTz4zyzEHNV5+JP5D62LmfDZ6o1cycFx9ouG940M5dE8C8CTewdj2YWQ==",
      "license": "MIT",
      "engines": {
        "node": "^12.20.0 || ^14.13.1 || >=16.0.0"
      },
      "funding": {
        "url": "https://github.com/sponsors/sindresorhus"
      }
    },
    "node_modules/mimic-response": {
      "version": "4.0.0",
      "resolved": "https://registry.npmmirror.com/mimic-response/-/mimic-response-4.0.0.tgz",
      "integrity": "sha512-e5ISH9xMYU0DzrT+jl8q2ze9D6eWBto+I8CNpe+VI+K2J/F/k3PdkdTdz4wvGVH4NTpo+NRYTVIuMQEMMcsLqg==",
      "license": "MIT",
      "engines": {
        "node": "^12.20.0 || ^14.13.1 || >=16.0.0"
      },
      "funding": {
        "url": "https://github.com/sponsors/sindresorhus"
      }
    },
    "node_modules/node-releases": {
      "version": "2.0.51",
      "resolved": "https://registry.npmmirror.com/node-releases/-/node-releases-2.0.51.tgz",
      "integrity": "sha512-wRNIrw4DmVLKQlbgOMdkMx27Wrpzes2hh5Jtbi2bjPd+4wJstWIqP5A+lscnqbm0xxmT5Bpg8Lec5ItEBwx6BQ==",
      "license": "MIT",
      "engines": {
        "node": ">=18"
      }
    },
    "node_modules/normalize-url": {
      "version": "8.1.1",
      "resolved": "https://registry.npmmirror.com/normalize-url/-/normalize-url-8.1.1.tgz",
      "integrity": "sha512-JYc0DPlpGWB40kH5g07gGTrYuMqV653k3uBKY6uITPWds3M0ov3GaWGp9lbE3Bzngx8+XkfzgvASb9vk9JDFXQ==",
      "license": "MIT",
      "engines": {
        "node": ">=14.16"
      },
      "funding": {
        "url": "https://github.com/sponsors/sindresorhus"
      }
    },
    "node_modules/ow": {
      "version": "1.1.1",
      "resolved": "https://registry.npmmirror.com/ow/-/ow-1.1.1.tgz",
      "integrity": "sha512-sJBRCbS5vh1Jp9EOgwp1Ws3c16lJrUkJYlvWTYC03oyiYVwS/ns7lKRWow4w4XjDyTrA2pplQv4B2naWSR6yDA==",
      "license": "MIT",
      "dependencies": {
        "@sindresorhus/is": "^5.3.0",
        "callsites": "^4.0.0",
        "dot-prop": "^7.2.0",
        "lodash.isequal": "^4.5.0",
        "vali-date": "^1.0.0"
      },
      "engines": {
        "node": ">=14.16"
      },
      "funding": {
        "url": "https://github.com/sponsors/sindresorhus"
      }
    },
    "node_modules/ow/node_modules/@sindresorhus/is": {
      "version": "5.6.0",
      "resolved": "https://registry.npmmirror.com/@sindresorhus/is/-/is-5.6.0.tgz",
      "integrity": "sha512-TV7t8GKYaJWsn00tFDqBw8+Uqmr8A0fRU1tvTQhyZzGv0sJCGRQL3JGMI3ucuKo3XIZdUP+Lx7/gh2t3lewy7g==",
      "license": "MIT",
      "engines": {
        "node": ">=14.16"
      },
      "funding": {
        "url": "https://github.com/sindresorhus/is?sponsor=1"
      }
    },
    "node_modules/p-cancelable": {
      "version": "4.0.1",
      "resolved": "https://registry.npmmirror.com/p-cancelable/-/p-cancelable-4.0.1.tgz",
      "integrity": "sha512-wBowNApzd45EIKdO1LaU+LrMBwAcjfPaYtVzV3lmfM3gf8Z4CHZsiIqlM8TZZ8okYvh5A1cP6gTfCRQtwUpaUg==",
      "license": "MIT",
      "engines": {
        "node": ">=14.16"
      }
    },
    "node_modules/picocolors": {
      "version": "1.1.1",
      "resolved": "https://registry.npmmirror.com/picocolors/-/picocolors-1.1.1.tgz",
      "integrity": "sha512-xceH2snhtb5M9liqDsmEw56le376mTZkEX/jEb/RxNFyegNul7eNslCXP9FDj/Lcu0X8KEyMceP2ntpaHrDEVA==",
      "license": "ISC"
    },
    "node_modules/playwright": {
      "version": "1.62.1",
      "resolved": "https://registry.npmmirror.com/playwright/-/playwright-1.62.1.tgz",
      "integrity": "sha512-0M+L3LAD8/nm554LOla9Ayx0j0tmFZ0FBcoQ7F1VuVHpM/XpiC8RcDzBQB8W5+hA8L22THxELzeF+2WcUzvcLg==",
      "license": "Apache-2.0",
      "dependencies": {
        "playwright-core": "1.62.1"
      },
      "bin": {
        "playwright": "cli.js"
      },
      "engines": {
        "node": ">=20"
      },
      "optionalDependencies": {
        "fsevents": "2.3.2"
      }
    },
    "node_modules/playwright-core": {
      "version": "1.62.1",
      "resolved": "https://registry.npmmirror.com/playwright-core/-/playwright-core-1.62.1.tgz",
      "integrity": "sha512-wPYSwEBJY9GHraISXqyqtx0na0LpO3XEX7jNDhntbex7tzUS7kLnZsOlFruFJB4Hi/rhDMjXGqHewDZ68nYZVw==",
      "license": "Apache-2.0",
      "bin": {
        "playwright-core": "cli.js"
      },
      "engines": {
        "node": ">=20"
      }
    },
    "node_modules/playwright/node_modules/fsevents": {
      "version": "2.3.2",
      "resolved": "https://registry.npmmirror.com/fsevents/-/fsevents-2.3.2.tgz",
      "integrity": "sha512-xiqMQR4xAeHTuB9uWm+fFRcIOgKBMiOBP+eXiyT7jsgVCq1bkVygt00oASowB7EdtpOHaaPgKt812P9ab+DDKA==",
      "hasInstallScript": true,
      "license": "MIT",
      "optional": true,
      "os": [
        "darwin"
      ],
      "engines": {
        "node": "^8.16.0 || ^10.6.0 || >=11.0.0"
      }
    },
    "node_modules/quick-lru": {
      "version": "7.3.0",
      "resolved": "https://registry.npmmirror.com/quick-lru/-/quick-lru-7.3.0.tgz",
      "integrity": "sha512-k9lSsjl36EJdK7I06v7APZCbyGT2vMTsYSRX1Q2nbYmnkBqgUhRkAuzH08Ciotteu/PLJmIF2+tti7o3C/ts2g==",
      "license": "MIT",
      "engines": {
        "node": ">=18"
      },
      "funding": {
        "url": "https://github.com/sponsors/sindresorhus"
      }
    },
    "node_modules/resolve-alpn": {
      "version": "1.2.1",
      "resolved": "https://registry.npmmirror.com/resolve-alpn/-/resolve-alpn-1.2.1.tgz",
      "integrity": "sha512-0a1F4l73/ZFZOakJnQ3FvkJ2+gSTQWz/r2KE5OdDY0TxPm5h4GkqkWWfM47T7HsbnOtcJVEF4epCVy6u7Q3K+g==",
      "license": "MIT"
    },
    "node_modules/responselike": {
      "version": "4.0.2",
      "resolved": "https://registry.npmmirror.com/responselike/-/responselike-4.0.2.tgz",
      "integrity": "sha512-cGk8IbWEAnaCpdAt1BHzJ3Ahz5ewDJa0KseTsE3qIRMJ3C698W8psM7byCeWVpd/Ha7FUYzuRVzXoKoM6nRUbA==",
      "license": "MIT",
      "dependencies": {
        "lowercase-keys": "^3.0.0"
      },
      "engines": {
        "node": ">=20"
      },
      "funding": {
        "url": "https://github.com/sponsors/sindresorhus"
      }
    },
    "node_modules/rss-parser": {
      "version": "3.13.0",
      "resolved": "https://registry.npmmirror.com/rss-parser/-/rss-parser-3.13.0.tgz",
      "integrity": "sha512-7jWUBV5yGN3rqMMj7CZufl/291QAhvrrGpDNE4k/02ZchL0npisiYYqULF71jCEKoIiHvK/Q2e6IkDwPziT7+w==",
      "license": "MIT",
      "dependencies": {
        "entities": "^2.0.3",
        "xml2js": "^0.5.0"
      }
    },
    "node_modules/sax": {
      "version": "1.6.1",
      "resolved": "https://registry.npmmirror.com/sax/-/sax-1.6.1.tgz",
      "integrity": "sha512-42tBVwLWnaQvW5zc4HbZrTuWccECCZfBi92FDuwtqxasH+JbPB3/FOKb1m222K42R4WxuxzzMsTswfzgtSu64Q==",
      "license": "BlueOak-1.0.0",
      "engines": {
        "node": ">=11.0.0"
      }
    },
    "node_modules/tslib": {
      "version": "2.8.1",
      "resolved": "https://registry.npmmirror.com/tslib/-/tslib-2.8.1.tgz",
      "integrity": "sha512-oJFu94HQb+KVduSUQL7wnpmqnfmLsOA/nAh6b6EH0wCEoK0/mPeXU6c3wKDV83MkOuHPRHtSXKKU99IBazS/2w==",
      "license": "0BSD"
    },
    "node_modules/tsx": {
      "version": "4.23.2",
      "resolved": "https://registry.npmmirror.com/tsx/-/tsx-4.23.2.tgz",
      "integrity": "sha512-Cj3EO8dIn8hXjlSFh/dnJOKAFNE52YMw4rZX0HqlnIdcBoombYNd1Z0ALUpbaLilH6fdDpYqs9GZtsyfkfBjPg==",
      "dev": true,
      "license": "MIT",
      "dependencies": {
        "esbuild": "~0.28.0"
      },
      "bin": {
        "tsx": "dist/cli.mjs"
      },
      "engines": {
        "node": ">=18.0.0"
      },
      "optionalDependencies": {
        "fsevents": "~2.3.3"
      }
    },
    "node_modules/turndown": {
      "version": "7.2.4",
      "resolved": "https://registry.npmmirror.com/turndown/-/turndown-7.2.4.tgz",
      "integrity": "sha512-I8yFsfRzmzK0WV1pNNOA4A7y4RDfFxPRxb3t+e3ui14qSGOxGtiSP6GjeX+Y6CHb7HYaFj7ECUD7VE5kQMZWGQ==",
      "license": "MIT",
      "dependencies": {
        "@mixmark-io/domino": "^2.2.0"
      },
      "engines": {
        "node": ">=18",
        "npm": ">=9"
      }
    },
    "node_modules/type-fest": {
      "version": "4.41.0",
      "resolved": "https://registry.npmmirror.com/type-fest/-/type-fest-4.41.0.tgz",
      "integrity": "sha512-TeTSQ6H5YHvpqVwBRcnLDCBnDOHWYu7IvGbHT6N8AOymcr9PJGjc1GTtiWZTYg0NCgYwvnYWEkVChQAr9bjfwA==",
      "license": "(MIT OR CC0-1.0)",
      "engines": {
        "node": ">=16"
      },
      "funding": {
        "url": "https://github.com/sponsors/sindresorhus"
      }
    },
    "node_modules/typescript": {
      "version": "5.9.3",
      "resolved": "https://registry.npmmirror.com/typescript/-/typescript-5.9.3.tgz",
      "integrity": "sha512-jl1vZzPDinLr9eUt3J/t7V6FgNEw9QjvBPdysz9KfQDD41fQrC2Y4vKQdiaUpFT4bXlb1RHhLpp8wtm6M5TgSw==",
      "dev": true,
      "license": "Apache-2.0",
      "bin": {
        "tsc": "bin/tsc",
        "tsserver": "bin/tsserver"
      },
      "engines": {
        "node": ">=14.17"
      }
    },
    "node_modules/update-browserslist-db": {
      "version": "1.2.3",
      "resolved": "https://registry.npmmirror.com/update-browserslist-db/-/update-browserslist-db-1.2.3.tgz",
      "integrity": "sha512-Js0m9cx+qOgDxo0eMiFGEueWztz+d4+M3rGlmKPT+T4IS/jP4ylw3Nwpu6cpTTP8R1MAC1kF4VbdLt3ARf209w==",
      "funding": [
        {
          "type": "opencollective",
          "url": "https://opencollective.com/browserslist"
        },
        {
          "type": "tidelift",
          "url": "https://tidelift.com/funding/github/npm/browserslist"
        },
        {
          "type": "github",
          "url": "https://github.com/sponsors/ai"
        }
      ],
      "license": "MIT",
      "dependencies": {
        "escalade": "^3.2.0",
        "picocolors": "^1.1.1"
      },
      "bin": {
        "update-browserslist-db": "cli.js"
      },
      "peerDependencies": {
        "browserslist": ">= 4.21.0"
      }
    },
    "node_modules/vali-date": {
      "version": "1.0.0",
      "resolved": "https://registry.npmmirror.com/vali-date/-/vali-date-1.0.0.tgz",
      "integrity": "sha512-sgECfZthyaCKW10N0fm27cg8HYTFK5qMWgypqkXMQ4Wbl/zZKx7xZICgcoxIIE+WFAP/MBL2EFwC/YvLxw3Zeg==",
      "license": "MIT",
      "engines": {
        "node": ">=0.10.0"
      }
    },
    "node_modules/xml2js": {
      "version": "0.5.0",
      "resolved": "https://registry.npmmirror.com/xml2js/-/xml2js-0.5.0.tgz",
      "integrity": "sha512-drPFnkQJik/O+uPKpqSgr22mpuFHqKdbS835iAQrUC73L2F5WkboIRd63ai/2Yg6I1jzifPFKH2NTK+cfglkIA==",
      "license": "MIT",
      "dependencies": {
        "sax": ">=0.6.0",
        "xmlbuilder": "~11.0.0"
      },
      "engines": {
        "node": ">=4.0.0"
      }
    },
    "node_modules/xmlbuilder": {
      "version": "11.0.1",
      "resolved": "https://registry.npmmirror.com/xmlbuilder/-/xmlbuilder-11.0.1.tgz",
      "integrity": "sha512-fDlsI/kFEx7gLvbecc0/ohLG50fugQp8ryHzMTuW9vSa1GJ0XYWKnhsUx7oie3G98+r56aTQIUB4kht42R3JvA==",
      "license": "MIT",
      "engines": {
        "node": ">=4.0"
      }
    }
  }
}
